{
  "version": 4,
  "terraform_version": "1.10.3",
  "serial": 4,
  "lineage": "ddec727b-d711-d850-3248-8dfd244f4821",
  "outputs": {},
  "resources": [
    {
      "mode": "data",
      "type": "aws_security_group",
      "name": "existing_sg",
      "provider": "provider[\"registry.terraform.io/hashicorp/aws\"]",
      "instances": [
        {
          "schema_version": 0,
          "attributes": {
            "arn": "arn:aws:ec2:ap-south-1:257394472921:security-group/sg-0f53b7b301c580d75",
            "description": "Allow SSH and HTTP traffic",
            "filter": null,
            "id": "sg-0f53b7b301c580d75",
            "name": "allow_ssh_http",
            "tags": {
              "Name": "dora security group"
            },
            "timeouts": null,
            "vpc_id": "vpc-0891d49f9ed9ca3b7"
          },
          "sensitive_attributes": []
        }
      ]
    },
    {
      "mode": "managed",
      "type": "aws_security_group",
      "name": "allow_ssh_http",
      "provider": "provider[\"registry.terraform.io/hashicorp/aws\"]",
      "instances": [
        {
          "schema_version": 1,
          "attributes": {
            "arn": "arn:aws:ec2:ap-south-1:257394472921:security-group/sg-0f53b7b301c580d75",
            "description": "Allow SSH and HTTP traffic",
            "egress": [
              {
                "cidr_blocks": [
                  "0.0.0.0/0"
                ],
                "description": "",
                "from_port": 0,
                "ipv6_cidr_blocks": [],
                "prefix_list_ids": [],
                "protocol": "-1",
                "security_groups": [],
                "self": false,
                "to_port": 0
              }
            ],
            "id": "sg-0f53b7b301c580d75",
            "ingress": [
              {
                "cidr_blocks": [
                  "0.0.0.0/0"
                ],
                "description": "",
                "from_port": 22,
                "ipv6_cidr_blocks": [],
                "prefix_list_ids": [],
                "protocol": "tcp",
                "security_groups": [],
                "self": false,
                "to_port": 22
              },
              {
                "cidr_blocks": [
                  "0.0.0.0/0"
                ],
                "description": "",
                "from_port": 80,
                "ipv6_cidr_blocks": [],
                "prefix_list_ids": [],
                "protocol": "tcp",
                "security_groups": [],
                "self": false,
                "to_port": 80
              }
            ],
            "name": "allow_ssh_http",
            "name_prefix": "",
            "owner_id": "257394472921",
            "revoke_rules_on_delete": false,
            "tags": {
              "Name": "dora security group"
            },
            "tags_all": {
              "Name": "dora security group"
            },
            "timeouts": null,
            "vpc_id": "vpc-0891d49f9ed9ca3b7"
          },
          "sensitive_attributes": [],
          "private": "eyJlMmJmYjczMC1lY2FhLTExZTYtOGY4OC0zNDM2M2JjN2M0YzAiOnsiY3JlYXRlIjo2MDAwMDAwMDAwMDAsImRlbGV0ZSI6OTAwMDAwMDAwMDAwfSwic2NoZW1hX3ZlcnNpb24iOiIxIn0="
        }
      ]
    }
  ],
  "check_results": null
}
